
Microsoft Visual Studio Solution File, Format Version 12.00
# Visual Studio Version 16
VisualStudioVersion = 16.0.30611.23
MinimumVisualStudioVersion = 10.0.40219.1
Project("{9A19103F-16F7-4668-BE54-9A1E7A4F7556}") = "Deck", "Deck\Deck.csproj", "{6318553C-7AD5-42BC-B093-C6B22101770B}"
EndProject
Project("{9A19103F-16F7-4668-BE54-9A1E7A4F7556}") = "Checks", "Checks\Checks.csproj", "{442399BF-660C-42F6-98C7-A1A991CA0CEE}"
EndProject
Project("{9A19103F-16F7-4668-BE54-9A1E7A4F7556}") = "TurnsManagement", "TurnsManagement\TurnsManagement.csproj", "{F704BD3D-B2D9-40C9-BD6E-E5A2844D9EA2}"
EndProject
Project("{FAE04EC0-301F-11D3-BF4B-00C04F79EFBC}") = "GameEngine", "GameEngine\GameEngine.csproj", "{D21ECD5B-DDB3-46EE-B736-47808FA9298B}"
EndProject
Global
	GlobalSection(SolutionConfigurationPlatforms) = preSolution
		Debug|Any CPU = Debug|Any CPU
		Release|Any CPU = Release|Any CPU
	EndGlobalSection
	GlobalSection(ProjectConfigurationPlatforms) = postSolution
		{6318553C-7AD5-42BC-B093-C6B22101770B}.Debug|Any CPU.ActiveCfg = Debug|Any CPU
		{6318553C-7AD5-42BC-B093-C6B22101770B}.Debug|Any CPU.Build.0 = Debug|Any CPU
		{6318553C-7AD5-42BC-B093-C6B22101770B}.Release|Any CPU.ActiveCfg = Release|Any CPU
		{6318553C-7AD5-42BC-B093-C6B22101770B}.Release|Any CPU.Build.0 = Release|Any CPU
		{442399BF-660C-42F6-98C7-A1A991CA0CEE}.Debug|Any CPU.ActiveCfg = Debug|Any CPU
		{442399BF-660C-42F6-98C7-A1A991CA0CEE}.Debug|Any CPU.Build.0 = Debug|Any CPU
		{442399BF-660C-42F6-98C7-A1A991CA0CEE}.Release|Any CPU.ActiveCfg = Release|Any CPU
		{442399BF-660C-42F6-98C7-A1A991CA0CEE}.Release|Any CPU.Build.0 = Release|Any CPU
		{F704BD3D-B2D9-40C9-BD6E-E5A2844D9EA2}.Debug|Any CPU.ActiveCfg = Debug|Any CPU
		{F704BD3D-B2D9-40C9-BD6E-E5A2844D9EA2}.Debug|Any CPU.Build.0 = Debug|Any CPU
		{F704BD3D-B2D9-40C9-BD6E-E5A2844D9EA2}.Release|Any CPU.ActiveCfg = Release|Any CPU
		{F704BD3D-B2D9-40C9-BD6E-E5A2844D9EA2}.Release|Any CPU.Build.0 = Release|Any CPU
		{D21ECD5B-DDB3-46EE-B736-47808FA9298B}.Debug|Any CPU.ActiveCfg = Debug|Any CPU
		{D21ECD5B-DDB3-46EE-B736-47808FA9298B}.Debug|Any CPU.Build.0 = Debug|Any CPU
		{D21ECD5B-DDB3-46EE-B736-47808FA9298B}.Release|Any CPU.ActiveCfg = Release|Any CPU
		{D21ECD5B-DDB3-46EE-B736-47808FA9298B}.Release|Any CPU.Build.0 = Release|Any CPU
	EndGlobalSection
	GlobalSection(SolutionProperties) = preSolution
		HideSolutionNode = FALSE
	EndGlobalSection
	GlobalSection(ExtensibilityGlobals) = postSolution
		SolutionGuid = {40B06BD4-F092-4254-AF9A-70EB10DEF08A}
	EndGlobalSection
EndGlobal
