
Microsoft Visual Studio Solution File, Format Version 12.00
# Visual Studio Version 17
VisualStudioVersion = 17.7.34003.232
MinimumVisualStudioVersion = 10.0.40219.1
Project("{9A19103F-16F7-4668-BE54-9A1E7A4F7556}") = "Deck", "Deck\Deck.csproj", "{4DB91F12-9963-41F8-AF02-3FD69B5AAD78}"
EndProject
Project("{9A19103F-16F7-4668-BE54-9A1E7A4F7556}") = "GameEngine", "GameEngine\GameEngine.csproj", "{752E5EAB-4ECB-4F83-BD44-7F59483361C9}"
EndProject
Project("{9A19103F-16F7-4668-BE54-9A1E7A4F7556}") = "TurnsManagement", "TurnsManagement\TurnsManagement.csproj", "{996CEDDA-6A76-47D6-BEF5-5CF662AC1387}"
EndProject
Project("{9A19103F-16F7-4668-BE54-9A1E7A4F7556}") = "Shithead", "Shithead\Shithead.csproj", "{28B8DFB0-5BFB-49D0-9334-65FD6F0082C8}"
EndProject
Project("{9A19103F-16F7-4668-BE54-9A1E7A4F7556}") = "ShitheadTester", "ShitheadTester\ShitheadTester.csproj", "{4A7CC0B6-F251-409C-954B-4FD91E6874F4}"
EndProject
Project("{2150E333-8FDC-42A3-9474-1A3956D46DE8}") = "Solution Items", "Solution Items", "{089100B1-113F-4E66-888A-E83F3999EAFD}"
	ProjectSection(SolutionItems) = preProject
		LICENSE = LICENSE
		.gitignore = .gitignore
		.editorconfig = .editorconfig
	EndProjectSection
EndProject
Project("{2150E333-8FDC-42A3-9474-1A3956D46DE8}") = "Tests", "Tests", "{0AB3BF05-4346-4AA6-1389-037BE0695223}"
EndProject
Project("{FAE04EC0-301F-11D3-BF4B-00C04F79EFBC}") = "Deck.UnitTests", "Tests\Deck.UnitTests\Deck.UnitTests.csproj", "{E79DB49E-A040-4AD5-9930-D18336AC8DC1}"
EndProject
Project("{FAE04EC0-301F-11D3-BF4B-00C04F79EFBC}") = "GameEngine.UnitTests", "Tests\GameEngine.UnitTests\GameEngine.UnitTests.csproj", "{F0084FAA-D174-4B73-9412-E6F72A135E09}"
EndProject
Global
	GlobalSection(SolutionConfigurationPlatforms) = preSolution
		Debug|Any CPU = Debug|Any CPU
		Debug|x64 = Debug|x64
		Debug|x86 = Debug|x86
		Release|Any CPU = Release|Any CPU
		Release|x64 = Release|x64
		Release|x86 = Release|x86
	EndGlobalSection
	GlobalSection(ProjectConfigurationPlatforms) = postSolution
		{4DB91F12-9963-41F8-AF02-3FD69B5AAD78}.Debug|Any CPU.ActiveCfg = Debug|Any CPU
		{4DB91F12-9963-41F8-AF02-3FD69B5AAD78}.Debug|Any CPU.Build.0 = Debug|Any CPU
		{4DB91F12-9963-41F8-AF02-3FD69B5AAD78}.Debug|x64.ActiveCfg = Debug|Any CPU
		{4DB91F12-9963-41F8-AF02-3FD69B5AAD78}.Debug|x64.Build.0 = Debug|Any CPU
		{4DB91F12-9963-41F8-AF02-3FD69B5AAD78}.Debug|x86.ActiveCfg = Debug|Any CPU
		{4DB91F12-9963-41F8-AF02-3FD69B5AAD78}.Debug|x86.Build.0 = Debug|Any CPU
		{4DB91F12-9963-41F8-AF02-3FD69B5AAD78}.Release|Any CPU.ActiveCfg = Release|Any CPU
		{4DB91F12-9963-41F8-AF02-3FD69B5AAD78}.Release|Any CPU.Build.0 = Release|Any CPU
		{4DB91F12-9963-41F8-AF02-3FD69B5AAD78}.Release|x64.ActiveCfg = Release|Any CPU
		{4DB91F12-9963-41F8-AF02-3FD69B5AAD78}.Release|x64.Build.0 = Release|Any CPU
		{4DB91F12-9963-41F8-AF02-3FD69B5AAD78}.Release|x86.ActiveCfg = Release|Any CPU
		{4DB91F12-9963-41F8-AF02-3FD69B5AAD78}.Release|x86.Build.0 = Release|Any CPU
		{752E5EAB-4ECB-4F83-BD44-7F59483361C9}.Debug|Any CPU.ActiveCfg = Debug|Any CPU
		{752E5EAB-4ECB-4F83-BD44-7F59483361C9}.Debug|Any CPU.Build.0 = Debug|Any CPU
		{752E5EAB-4ECB-4F83-BD44-7F59483361C9}.Debug|x64.ActiveCfg = Debug|Any CPU
		{752E5EAB-4ECB-4F83-BD44-7F59483361C9}.Debug|x64.Build.0 = Debug|Any CPU
		{752E5EAB-4ECB-4F83-BD44-7F59483361C9}.Debug|x86.ActiveCfg = Debug|Any CPU
		{752E5EAB-4ECB-4F83-BD44-7F59483361C9}.Debug|x86.Build.0 = Debug|Any CPU
		{752E5EAB-4ECB-4F83-BD44-7F59483361C9}.Release|Any CPU.ActiveCfg = Release|Any CPU
		{752E5EAB-4ECB-4F83-BD44-7F59483361C9}.Release|Any CPU.Build.0 = Release|Any CPU
		{752E5EAB-4ECB-4F83-BD44-7F59483361C9}.Release|x64.ActiveCfg = Release|Any CPU
		{752E5EAB-4ECB-4F83-BD44-7F59483361C9}.Release|x64.Build.0 = Release|Any CPU
		{752E5EAB-4ECB-4F83-BD44-7F59483361C9}.Release|x86.ActiveCfg = Release|Any CPU
		{752E5EAB-4ECB-4F83-BD44-7F59483361C9}.Release|x86.Build.0 = Release|Any CPU
		{996CEDDA-6A76-47D6-BEF5-5CF662AC1387}.Debug|Any CPU.ActiveCfg = Debug|Any CPU
		{996CEDDA-6A76-47D6-BEF5-5CF662AC1387}.Debug|Any CPU.Build.0 = Debug|Any CPU
		{996CEDDA-6A76-47D6-BEF5-5CF662AC1387}.Debug|x64.ActiveCfg = Debug|Any CPU
		{996CEDDA-6A76-47D6-BEF5-5CF662AC1387}.Debug|x64.Build.0 = Debug|Any CPU
		{996CEDDA-6A76-47D6-BEF5-5CF662AC1387}.Debug|x86.ActiveCfg = Debug|Any CPU
		{996CEDDA-6A76-47D6-BEF5-5CF662AC1387}.Debug|x86.Build.0 = Debug|Any CPU
		{996CEDDA-6A76-47D6-BEF5-5CF662AC1387}.Release|Any CPU.ActiveCfg = Release|Any CPU
		{996CEDDA-6A76-47D6-BEF5-5CF662AC1387}.Release|Any CPU.Build.0 = Release|Any CPU
		{996CEDDA-6A76-47D6-BEF5-5CF662AC1387}.Release|x64.ActiveCfg = Release|Any CPU
		{996CEDDA-6A76-47D6-BEF5-5CF662AC1387}.Release|x64.Build.0 = Release|Any CPU
		{996CEDDA-6A76-47D6-BEF5-5CF662AC1387}.Release|x86.ActiveCfg = Release|Any CPU
		{996CEDDA-6A76-47D6-BEF5-5CF662AC1387}.Release|x86.Build.0 = Release|Any CPU
		{28B8DFB0-5BFB-49D0-9334-65FD6F0082C8}.Debug|Any CPU.ActiveCfg = Debug|Any CPU
		{28B8DFB0-5BFB-49D0-9334-65FD6F0082C8}.Debug|Any CPU.Build.0 = Debug|Any CPU
		{28B8DFB0-5BFB-49D0-9334-65FD6F0082C8}.Debug|x64.ActiveCfg = Debug|Any CPU
		{28B8DFB0-5BFB-49D0-9334-65FD6F0082C8}.Debug|x64.Build.0 = Debug|Any CPU
		{28B8DFB0-5BFB-49D0-9334-65FD6F0082C8}.Debug|x86.ActiveCfg = Debug|Any CPU
		{28B8DFB0-5BFB-49D0-9334-65FD6F0082C8}.Debug|x86.Build.0 = Debug|Any CPU
		{28B8DFB0-5BFB-49D0-9334-65FD6F0082C8}.Release|Any CPU.ActiveCfg = Release|Any CPU
		{28B8DFB0-5BFB-49D0-9334-65FD6F0082C8}.Release|Any CPU.Build.0 = Release|Any CPU
		{28B8DFB0-5BFB-49D0-9334-65FD6F0082C8}.Release|x64.ActiveCfg = Release|Any CPU
		{28B8DFB0-5BFB-49D0-9334-65FD6F0082C8}.Release|x64.Build.0 = Release|Any CPU
		{28B8DFB0-5BFB-49D0-9334-65FD6F0082C8}.Release|x86.ActiveCfg = Release|Any CPU
		{28B8DFB0-5BFB-49D0-9334-65FD6F0082C8}.Release|x86.Build.0 = Release|Any CPU
		{4A7CC0B6-F251-409C-954B-4FD91E6874F4}.Debug|Any CPU.ActiveCfg = Debug|Any CPU
		{4A7CC0B6-F251-409C-954B-4FD91E6874F4}.Debug|Any CPU.Build.0 = Debug|Any CPU
		{4A7CC0B6-F251-409C-954B-4FD91E6874F4}.Debug|x64.ActiveCfg = Debug|Any CPU
		{4A7CC0B6-F251-409C-954B-4FD91E6874F4}.Debug|x64.Build.0 = Debug|Any CPU
		{4A7CC0B6-F251-409C-954B-4FD91E6874F4}.Debug|x86.ActiveCfg = Debug|Any CPU
		{4A7CC0B6-F251-409C-954B-4FD91E6874F4}.Debug|x86.Build.0 = Debug|Any CPU
		{4A7CC0B6-F251-409C-954B-4FD91E6874F4}.Release|Any CPU.ActiveCfg = Release|Any CPU
		{4A7CC0B6-F251-409C-954B-4FD91E6874F4}.Release|Any CPU.Build.0 = Release|Any CPU
		{4A7CC0B6-F251-409C-954B-4FD91E6874F4}.Release|x64.ActiveCfg = Release|Any CPU
		{4A7CC0B6-F251-409C-954B-4FD91E6874F4}.Release|x64.Build.0 = Release|Any CPU
		{4A7CC0B6-F251-409C-954B-4FD91E6874F4}.Release|x86.ActiveCfg = Release|Any CPU
		{4A7CC0B6-F251-409C-954B-4FD91E6874F4}.Release|x86.Build.0 = Release|Any CPU
		{E79DB49E-A040-4AD5-9930-D18336AC8DC1}.Debug|Any CPU.ActiveCfg = Debug|Any CPU
		{E79DB49E-A040-4AD5-9930-D18336AC8DC1}.Debug|Any CPU.Build.0 = Debug|Any CPU
		{E79DB49E-A040-4AD5-9930-D18336AC8DC1}.Debug|x64.ActiveCfg = Debug|Any CPU
		{E79DB49E-A040-4AD5-9930-D18336AC8DC1}.Debug|x64.Build.0 = Debug|Any CPU
		{E79DB49E-A040-4AD5-9930-D18336AC8DC1}.Debug|x86.ActiveCfg = Debug|Any CPU
		{E79DB49E-A040-4AD5-9930-D18336AC8DC1}.Debug|x86.Build.0 = Debug|Any CPU
		{E79DB49E-A040-4AD5-9930-D18336AC8DC1}.Release|Any CPU.ActiveCfg = Release|Any CPU
		{E79DB49E-A040-4AD5-9930-D18336AC8DC1}.Release|Any CPU.Build.0 = Release|Any CPU
		{E79DB49E-A040-4AD5-9930-D18336AC8DC1}.Release|x64.ActiveCfg = Release|Any CPU
		{E79DB49E-A040-4AD5-9930-D18336AC8DC1}.Release|x64.Build.0 = Release|Any CPU
		{E79DB49E-A040-4AD5-9930-D18336AC8DC1}.Release|x86.ActiveCfg = Release|Any CPU
		{E79DB49E-A040-4AD5-9930-D18336AC8DC1}.Release|x86.Build.0 = Release|Any CPU
		{F0084FAA-D174-4B73-9412-E6F72A135E09}.Debug|Any CPU.ActiveCfg = Debug|Any CPU
		{F0084FAA-D174-4B73-9412-E6F72A135E09}.Debug|Any CPU.Build.0 = Debug|Any CPU
		{F0084FAA-D174-4B73-9412-E6F72A135E09}.Debug|x64.ActiveCfg = Debug|Any CPU
		{F0084FAA-D174-4B73-9412-E6F72A135E09}.Debug|x64.Build.0 = Debug|Any CPU
		{F0084FAA-D174-4B73-9412-E6F72A135E09}.Debug|x86.ActiveCfg = Debug|Any CPU
		{F0084FAA-D174-4B73-9412-E6F72A135E09}.Debug|x86.Build.0 = Debug|Any CPU
		{F0084FAA-D174-4B73-9412-E6F72A135E09}.Release|Any CPU.ActiveCfg = Release|Any CPU
		{F0084FAA-D174-4B73-9412-E6F72A135E09}.Release|Any CPU.Build.0 = Release|Any CPU
		{F0084FAA-D174-4B73-9412-E6F72A135E09}.Release|x64.ActiveCfg = Release|Any CPU
		{F0084FAA-D174-4B73-9412-E6F72A135E09}.Release|x64.Build.0 = Release|Any CPU
		{F0084FAA-D174-4B73-9412-E6F72A135E09}.Release|x86.ActiveCfg = Release|Any CPU
		{F0084FAA-D174-4B73-9412-E6F72A135E09}.Release|x86.Build.0 = Release|Any CPU
	EndGlobalSection
	GlobalSection(SolutionProperties) = preSolution
		HideSolutionNode = FALSE
	EndGlobalSection
	GlobalSection(NestedProjects) = preSolution
		{E79DB49E-A040-4AD5-9930-D18336AC8DC1} = {0AB3BF05-4346-4AA6-1389-037BE0695223}
		{F0084FAA-D174-4B73-9412-E6F72A135E09} = {0AB3BF05-4346-4AA6-1389-037BE0695223}
	EndGlobalSection
	GlobalSection(ExtensibilityGlobals) = postSolution
		SolutionGuid = {40B06BD4-F092-4254-AF9A-70EB10DEF08A}
	EndGlobalSection
EndGlobal
